// !$*UTF8*$!
{
	archiveVersion = 1;
	classes = {
	};
	objectVersion = 46;
	objects = {

/* Begin PBXBuildFile section */
		5A44BC9B1F2EFC0400A853B3 /* normal.png in Resources */ = {isa = PBXBuildFile; fileRef = 5A44BC991F2EFC0400A853B3 /* normal.png */; };
		5A44BC9E1F2F126200A853B3 /* selected.png in Resources */ = {isa = PBXBuildFile; fileRef = 5A44BC9D1F2F126200A853B3 /* selected.png */; };
		5A4A24E51F2B3F4400582FDD /* main.m in Sources */ = {isa = PBXBuildFile; fileRef = 5A4A24E41F2B3F4400582FDD /* main.m */; };
		5A4A24E81F2B3F4400582FDD /* AppDelegate.m in Sources */ = {isa = PBXBuildFile; fileRef = 5A4A24E71F2B3F4400582FDD /* AppDelegate.m */; };
		5A4A24EB1F2B3F4400582FDD /* ViewController.m in Sources */ = {isa = PBXBuildFile; fileRef = 5A4A24EA1F2B3F4400582FDD /* ViewController.m */; };
		5A4A24EE1F2B3F4400582FDD /* Main.storyboard in Resources */ = {isa = PBXBuildFile; fileRef = 5A4A24EC1F2B3F4400582FDD /* Main.storyboard */; };
		5A4A24F01F2B3F4400582FDD /* Assets.xcassets in Resources */ = {isa = PBXBuildFile; fileRef = 5A4A24EF1F2B3F4400582FDD /* Assets.xcassets */; };
		5A4A24F31F2B3F4400582FDD /* LaunchScreen.storyboard in Resources */ = {isa = PBXBuildFile; fileRef = 5A4A24F11F2B3F4400582FDD /* LaunchScreen.storyboard */; };
		5A4A24FE1F2B3F4400582FDD /* myProjectFrameworkTests.m in Sources */ = {isa = PBXBuildFile; fileRef = 5A4A24FD1F2B3F4400582FDD /* myProjectFrameworkTests.m */; };
		5A4A25091F2B3F4400582FDD /* myProjectFrameworkUITests.m in Sources */ = {isa = PBXBuildFile; fileRef = 5A4A25081F2B3F4400582FDD /* myProjectFrameworkUITests.m */; };
		5A4A25181F2B3FCD00582FDD /* RootTabBarController.m in Sources */ = {isa = PBXBuildFile; fileRef = 5A4A25171F2B3FCD00582FDD /* RootTabBarController.m */; };
		5A4A251C1F2B3FF000582FDD /* RootNavigationController.m in Sources */ = {isa = PBXBuildFile; fileRef = 5A4A251A1F2B3FF000582FDD /* RootNavigationController.m */; };
		5A4A25231F2B415200582FDD /* qidong-1.png in Resources */ = {isa = PBXBuildFile; fileRef = 5A4A25211F2B415200582FDD /* qidong-1.png */; };
		5A4A25241F2B415200582FDD /* qidong.mp4 in Resources */ = {isa = PBXBuildFile; fileRef = 5A4A25221F2B415200582FDD /* qidong.mp4 */; };
		5A4A25271F2B417900582FDD /* FirstViewController.m in Sources */ = {isa = PBXBuildFile; fileRef = 5A4A25261F2B417900582FDD /* FirstViewController.m */; };
		5A4A252A1F2B418900582FDD /* SecondViewController.m in Sources */ = {isa = PBXBuildFile; fileRef = 5A4A25291F2B418900582FDD /* SecondViewController.m */; };
		5A4A252D1F2B419400582FDD /* ThreeViewController.m in Sources */ = {isa = PBXBuildFile; fileRef = 5A4A252C1F2B419400582FDD /* ThreeViewController.m */; };
		5A4A25301F2B419D00582FDD /* FourViewController.m in Sources */ = {isa = PBXBuildFile; fileRef = 5A4A252F1F2B419D00582FDD /* FourViewController.m */; };
		5A4A25331F2B4B2900582FDD /* StartMovieViewController.m in Sources */ = {isa = PBXBuildFile; fileRef = 5A4A25321F2B4B2900582FDD /* StartMovieViewController.m */; };
/* End PBXBuildFile section */

/* Begin PBXContainerItemProxy section */
		5A4A24FA1F2B3F4400582FDD /* PBXContainerItemProxy */ = {
			isa = PBXContainerItemProxy;
			containerPortal = 5A4A24D81F2B3F4400582FDD /* Project object */;
			proxyType = 1;
			remoteGlobalIDString = 5A4A24DF1F2B3F4400582FDD;
			remoteInfo = myProjectFramework;
		};
		5A4A25051F2B3F4400582FDD /* PBXContainerItemProxy */ = {
			isa = PBXContainerItemProxy;
			containerPortal = 5A4A24D81F2B3F4400582FDD /* Project object */;
			proxyType = 1;
			remoteGlobalIDString = 5A4A24DF1F2B3F4400582FDD;
			remoteInfo = myProjectFramework;
		};
/* End PBXContainerItemProxy section */

/* Begin PBXFileReference section */
		5A44BC991F2EFC0400A853B3 /* normal.png */ = {isa = PBXFileReference; lastKnownFileType = image.png; path = normal.png; sourceTree = "<group>"; };
		5A44BC9D1F2F126200A853B3 /* selected.png */ = {isa = PBXFileReference; lastKnownFileType = image.png; path = selected.png; sourceTree = "<group>"; };
		5A4A24E01F2B3F4400582FDD /* myProjectFramework.app */ = {isa = PBXFileReference; explicitFileType = wrapper.application; includeInIndex = 0; path = myProjectFramework.app; sourceTree = BUILT_PRODUCTS_DIR; };
		5A4A24E41F2B3F4400582FDD /* main.m */ = {isa = PBXFileReference; lastKnownFileType = sourcecode.c.objc; path = main.m; sourceTree = "<group>"; };
		5A4A24E61F2B3F4400582FDD /* AppDelegate.h */ = {isa = PBXFileReference; lastKnownFileType = sourcecode.c.h; path = AppDelegate.h; sourceTree = "<group>"; };
		5A4A24E71F2B3F4400582FDD /* AppDelegate.m */ = {isa = PBXFileReference; lastKnownFileType = sourcecode.c.objc; path = AppDelegate.m; sourceTree = "<group>"; };
		5A4A24E91F2B3F4400582FDD /* ViewController.h */ = {isa = PBXFileReference; lastKnownFileType = sourcecode.c.h; path = ViewController.h; sourceTree = "<group>"; };
		5A4A24EA1F2B3F4400582FDD /* ViewController.m */ = {isa = PBXFileReference; lastKnownFileType = sourcecode.c.objc; path = ViewController.m; sourceTree = "<group>"; };
		5A4A24ED1F2B3F4400582FDD /* Base */ = {isa = PBXFileReference; lastKnownFileType = file.storyboard; name = Base; path = Base.lproj/Main.storyboard; sourceTree = "<group>"; };
		5A4A24EF1F2B3F4400582FDD /* Assets.xcassets */ = {isa = PBXFileReference; lastKnownFileType = folder.assetcatalog; path = Assets.xcassets; sourceTree = "<group>"; };
		5A4A24F21F2B3F4400582FDD /* Base */ = {isa = PBXFileReference; lastKnownFileType = file.storyboard; name = Base; path = Base.lproj/LaunchScreen.storyboard; sourceTree = "<group>"; };
		5A4A24F41F2B3F4400582FDD /* Info.plist */ = {isa = PBXFileReference; lastKnownFileType = text.plist.xml; path = Info.plist; sourceTree = "<group>"; };
		5A4A24F91F2B3F4400582FDD /* myProjectFrameworkTests.xctest */ = {isa = PBXFileReference; explicitFileType = wrapper.cfbundle; includeInIndex = 0; path = myProjectFrameworkTests.xctest; sourceTree = BUILT_PRODUCTS_DIR; };
		5A4A24FD1F2B3F4400582FDD /* myProjectFrameworkTests.m */ = {isa = PBXFileReference; lastKnownFileType = sourcecode.c.objc; path = myProjectFrameworkTests.m; sourceTree = "<group>"; };
		5A4A24FF1F2B3F4400582FDD /* Info.plist */ = {isa = PBXFileReference; lastKnownFileType = text.plist.xml; path = Info.plist; sourceTree = "<group>"; };
		5A4A25041F2B3F4400582FDD /* myProjectFrameworkUITests.xctest */ = {isa = PBXFileReference; explicitFileType = wrapper.cfbundle; includeInIndex = 0; path = myProjectFrameworkUITests.xctest; sourceTree = BUILT_PRODUCTS_DIR; };
		5A4A25081F2B3F4400582FDD /* myProjectFrameworkUITests.m */ = {isa = PBXFileReference; lastKnownFileType = sourcecode.c.objc; path = myProjectFrameworkUITests.m; sourceTree = "<group>"; };
		5A4A250A1F2B3F4400582FDD /* Info.plist */ = {isa = PBXFileReference; lastKnownFileType = text.plist.xml; path = Info.plist; sourceTree = "<group>"; };
		5A4A25161F2B3FCD00582FDD /* RootTabBarController.h */ = {isa = PBXFileReference; fileEncoding = 4; lastKnownFileType = sourcecode.c.h; path = RootTabBarController.h; sourceTree = "<group>"; };
		5A4A25171F2B3FCD00582FDD /* RootTabBarController.m */ = {isa = PBXFileReference; fileEncoding = 4; lastKnownFileType = sourcecode.c.objc; path = RootTabBarController.m; sourceTree = "<group>"; };
		5A4A25191F2B3FF000582FDD /* RootNavigationController.h */ = {isa = PBXFileReference; fileEncoding = 4; lastKnownFileType = sourcecode.c.h; path = RootNavigationController.h; sourceTree = "<group>"; };
		5A4A251A1F2B3FF000582FDD /* RootNavigationController.m */ = {isa = PBXFileReference; fileEncoding = 4; lastKnownFileType = sourcecode.c.objc; path = RootNavigationController.m; sourceTree = "<group>"; };
		5A4A25211F2B415200582FDD /* qidong-1.png */ = {isa = PBXFileReference; lastKnownFileType = image.png; path = "qidong-1.png"; sourceTree = "<group>"; };
		5A4A25221F2B415200582FDD /* qidong.mp4 */ = {isa = PBXFileReference; lastKnownFileType = file; path = qidong.mp4; sourceTree = "<group>"; };
		5A4A25251F2B417900582FDD /* FirstViewController.h */ = {isa = PBXFileReference; fileEncoding = 4; lastKnownFileType = sourcecode.c.h; path = FirstViewController.h; sourceTree = "<group>"; };
		5A4A25261F2B417900582FDD /* FirstViewController.m */ = {isa = PBXFileReference; fileEncoding = 4; lastKnownFileType = sourcecode.c.objc; path = FirstViewController.m; sourceTree = "<group>"; };
		5A4A25281F2B418900582FDD /* SecondViewController.h */ = {isa = PBXFileReference; fileEncoding = 4; lastKnownFileType = sourcecode.c.h; path = SecondViewController.h; sourceTree = "<group>"; };
		5A4A25291F2B418900582FDD /* SecondViewController.m */ = {isa = PBXFileReference; fileEncoding = 4; lastKnownFileType = sourcecode.c.objc; path = SecondViewController.m; sourceTree = "<group>"; };
		5A4A252B1F2B419400582FDD /* ThreeViewController.h */ = {isa = PBXFileReference; fileEncoding = 4; lastKnownFileType = sourcecode.c.h; path = ThreeViewController.h; sourceTree = "<group>"; };
		5A4A252C1F2B419400582FDD /* ThreeViewController.m */ = {isa = PBXFileReference; fileEncoding = 4; lastKnownFileType = sourcecode.c.objc; path = ThreeViewController.m; sourceTree = "<group>"; };
		5A4A252E1F2B419D00582FDD /* FourViewController.h */ = {isa = PBXFileReference; fileEncoding = 4; lastKnownFileType = sourcecode.c.h; path = FourViewController.h; sourceTree = "<group>"; };
		5A4A252F1F2B419D00582FDD /* FourViewController.m */ = {isa = PBXFileReference; fileEncoding = 4; lastKnownFileType = sourcecode.c.objc; path = FourViewController.m; sourceTree = "<group>"; };
		5A4A25311F2B4B2900582FDD /* StartMovieViewController.h */ = {isa = PBXFileReference; fileEncoding = 4; lastKnownFileType = sourcecode.c.h; path = StartMovieViewController.h; sourceTree = "<group>"; };
		5A4A25321F2B4B2900582FDD /* StartMovieViewController.m */ = {isa = PBXFileReference; fileEncoding = 4; lastKnownFileType = sourcecode.c.objc; path = StartMovieViewController.m; sourceTree = "<group>"; };
/* End PBXFileReference section */

/* Begin PBXFrameworksBuildPhase section */
		5A4A24DD1F2B3F4400582FDD /* Frameworks */ = {
			isa = PBXFrameworksBuildPhase;
			buildActionMask = 2147483647;
			files = (
			);
			runOnlyForDeploymentPostprocessing = 0;
		};
		5A4A24F61F2B3F4400582FDD /* Frameworks */ = {
			isa = PBXFrameworksBuildPhase;
			buildActionMask = 2147483647;
			files = (
			);
			runOnlyForDeploymentPostprocessing = 0;
		};
		5A4A25011F2B3F4400582FDD /* Frameworks */ = {
			isa = PBXFrameworksBuildPhase;
			buildActionMask = 2147483647;
			files = (
			);
			runOnlyForDeploymentPostprocessing = 0;
		};
/* End PBXFrameworksBuildPhase section */

/* Begin PBXGroup section */
		5A4A24D71F2B3F4400582FDD = {
			isa = PBXGroup;
			children = (
				5A4A24E21F2B3F4400582FDD /* myProjectFramework */,
				5A4A24FC1F2B3F4400582FDD /* myProjectFrameworkTests */,
				5A4A25071F2B3F4400582FDD /* myProjectFrameworkUITests */,
				5A4A24E11F2B3F4400582FDD /* Products */,
			);
			sourceTree = "<group>";
		};
		5A4A24E11F2B3F4400582FDD /* Products */ = {
			isa = PBXGroup;
			children = (
				5A4A24E01F2B3F4400582FDD /* myProjectFramework.app */,
				5A4A24F91F2B3F4400582FDD /* myProjectFrameworkTests.xctest */,
				5A4A25041F2B3F4400582FDD /* myProjectFrameworkUITests.xctest */,
			);
			name = Products;
			sourceTree = "<group>";
		};
		5A4A24E21F2B3F4400582FDD /* myProjectFramework */ = {
			isa = PBXGroup;
			children = (
				5A4A24E61F2B3F4400582FDD /* AppDelegate.h */,
				5A4A24E71F2B3F4400582FDD /* AppDelegate.m */,
				5A4A24E91F2B3F4400582FDD /* ViewController.h */,
				5A4A24EA1F2B3F4400582FDD /* ViewController.m */,
				5A4A25311F2B4B2900582FDD /* StartMovieViewController.h */,
				5A4A25321F2B4B2900582FDD /* StartMovieViewController.m */,
				5A4A251F1F2B412200582FDD /* Root */,
				5A4A251E1F2B410100582FDD /* mainVIewControllers */,
				5A4A25201F2B413200582FDD /* images */,
				5A4A24EC1F2B3F4400582FDD /* Main.storyboard */,
				5A4A24EF1F2B3F4400582FDD /* Assets.xcassets */,
				5A4A24F11F2B3F4400582FDD /* LaunchScreen.storyboard */,
				5A4A24F41F2B3F4400582FDD /* Info.plist */,
				5A4A24E31F2B3F4400582FDD /* Supporting Files */,
			);
			path = myProjectFramework;
			sourceTree = "<group>";
		};
		5A4A24E31F2B3F4400582FDD /* Supporting Files */ = {
			isa = PBXGroup;
			children = (
				5A4A24E41F2B3F4400582FDD /* main.m */,
			);
			name = "Supporting Files";
			sourceTree = "<group>";
		};
		5A4A24FC1F2B3F4400582FDD /* myProjectFrameworkTests */ = {
			isa = PBXGroup;
			children = (
				5A4A24FD1F2B3F4400582FDD /* myProjectFrameworkTests.m */,
				5A4A24FF1F2B3F4400582FDD /* Info.plist */,
			);
			path = myProjectFrameworkTests;
			sourceTree = "<group>";
		};
		5A4A25071F2B3F4400582FDD /* myProjectFrameworkUITests */ = {
			isa = PBXGroup;
			children = (
				5A4A25081F2B3F4400582FDD /* myProjectFrameworkUITests.m */,
				5A4A250A1F2B3F4400582FDD /* Info.plist */,
			);
			path = myProjectFrameworkUITests;
			sourceTree = "<group>";
		};
		5A4A251E1F2B410100582FDD /* mainVIewControllers */ = {
			isa = PBXGroup;
			children = (
				5A4A25251F2B417900582FDD /* FirstViewController.h */,
				5A4A25261F2B417900582FDD /* FirstViewController.m */,
				5A4A25281F2B418900582FDD /* SecondViewController.h */,
				5A4A25291F2B418900582FDD /* SecondViewController.m */,
				5A4A252B1F2B419400582FDD /* ThreeViewController.h */,
				5A4A252C1F2B419400582FDD /* ThreeViewController.m */,
				5A4A252E1F2B419D00582FDD /* FourViewController.h */,
				5A4A252F1F2B419D00582FDD /* FourViewController.m */,
			);
			name = mainVIewControllers;
			sourceTree = "<group>";
		};
		5A4A251F1F2B412200582FDD /* Root */ = {
			isa = PBXGroup;
			children = (
				5A4A25161F2B3FCD00582FDD /* RootTabBarController.h */,
				5A4A25171F2B3FCD00582FDD /* RootTabBarController.m */,
				5A4A25191F2B3FF000582FDD /* RootNavigationController.h */,
				5A4A251A1F2B3FF000582FDD /* RootNavigationController.m */,
			);
			name = Root;
			sourceTree = "<group>";
		};
		5A4A25201F2B413200582FDD /* images */ = {
			isa = PBXGroup;
			children = (
				5A4A25211F2B415200582FDD /* qidong-1.png */,
				5A4A25221F2B415200582FDD /* qidong.mp4 */,
				5A44BC991F2EFC0400A853B3 /* normal.png */,
				5A44BC9D1F2F126200A853B3 /* selected.png */,
			);
			name = images;
			sourceTree = "<group>";
		};
/* End PBXGroup section */

/* Begin PBXNativeTarget section */
		5A4A24DF1F2B3F4400582FDD /* myProjectFramework */ = {
			isa = PBXNativeTarget;
			buildConfigurationList = 5A4A250D1F2B3F4400582FDD /* Build configuration list for PBXNativeTarget "myProjectFramework" */;
			buildPhases = (
				5A4A24DC1F2B3F4400582FDD /* Sources */,
				5A4A24DD1F2B3F4400582FDD /* Frameworks */,
				5A4A24DE1F2B3F4400582FDD /* Resources */,
			);
			buildRules = (
			);
			dependencies = (
			);
			name = myProjectFramework;
			productName = myProjectFramework;
			productReference = 5A4A24E01F2B3F4400582FDD /* myProjectFramework.app */;
			productType = "com.apple.product-type.application";
		};
		5A4A24F81F2B3F4400582FDD /* myProjectFrameworkTests */ = {
			isa = PBXNativeTarget;
			buildConfigurationList = 5A4A25101F2B3F4400582FDD /* Build configuration list for PBXNativeTarget "myProjectFrameworkTests" */;
			buildPhases = (
				5A4A24F51F2B3F4400582FDD /* Sources */,
				5A4A24F61F2B3F4400582FDD /* Frameworks */,
				5A4A24F71F2B3F4400582FDD /* Resources */,
			);
			buildRules = (
			);
			dependencies = (
				5A4A24FB1F2B3F4400582FDD /* PBXTargetDependency */,
			);
			name = myProjectFrameworkTests;
			productName = myProjectFrameworkTests;
			productReference = 5A4A24F91F2B3F4400582FDD /* myProjectFrameworkTests.xctest */;
			productType = "com.apple.product-type.bundle.unit-test";
		};
		5A4A25031F2B3F4400582FDD /* myProjectFrameworkUITests */ = {
			isa = PBXNativeTarget;
			buildConfigurationList = 5A4A25131F2B3F4400582FDD /* Build configuration list for PBXNativeTarget "myProjectFrameworkUITests" */;
			buildPhases = (
				5A4A25001F2B3F4400582FDD /* Sources */,
				5A4A25011F2B3F4400582FDD /* Frameworks */,
				5A4A25021F2B3F4400582FDD /* Resources */,
			);
			buildRules = (
			);
			dependencies = (
				5A4A25061F2B3F4400582FDD /* PBXTargetDependency */,
			);
			name = myProjectFrameworkUITests;
			productName = myProjectFrameworkUITests;
			productReference = 5A4A25041F2B3F4400582FDD /* myProjectFrameworkUITests.xctest */;
			productType = "com.apple.product-type.bundle.ui-testing";
		};
/* End PBXNativeTarget section */

/* Begin PBXProject section */
		5A4A24D81F2B3F4400582FDD /* Project object */ = {
			isa = PBXProject;
			attributes = {
				LastUpgradeCheck = 0830;
				ORGANIZATIONNAME = Jerry;
				TargetAttributes = {
					5A4A24DF1F2B3F4400582FDD = {
						CreatedOnToolsVersion = 8.3.3;
						ProvisioningStyle = Automatic;
					};
					5A4A24F81F2B3F4400582FDD = {
						CreatedOnToolsVersion = 8.3.3;
						ProvisioningStyle = Automatic;
						TestTargetID = 5A4A24DF1F2B3F4400582FDD;
					};
					5A4A25031F2B3F4400582FDD = {
						CreatedOnToolsVersion = 8.3.3;
						ProvisioningStyle = Automatic;
						TestTargetID = 5A4A24DF1F2B3F4400582FDD;
					};
				};
			};
			buildConfigurationList = 5A4A24DB1F2B3F4400582FDD /* Build configuration list for PBXProject "myProjectFramework" */;
			compatibilityVersion = "Xcode 3.2";
			developmentRegion = English;
			hasScannedForEncodings = 0;
			knownRegions = (
				en,
				Base,
			);
			mainGroup = 5A4A24D71F2B3F4400582FDD;
			productRefGroup = 5A4A24E11F2B3F4400582FDD /* Products */;
			projectDirPath = "";
			projectRoot = "";
			targets = (
				5A4A24DF1F2B3F4400582FDD /* myProjectFramework */,
				5A4A24F81F2B3F4400582FDD /* myProjectFrameworkTests */,
				5A4A25031F2B3F4400582FDD /* myProjectFrameworkUITests */,
			);
		};
/* End PBXProject section */

/* Begin PBXResourcesBuildPhase section */
		5A4A24DE1F2B3F4400582FDD /* Resources */ = {
			isa = PBXResourcesBuildPhase;
			buildActionMask = 2147483647;
			files = (
				5A44BC9B1F2EFC0400A853B3 /* normal.png in Resources */,
				5A4A24F31F2B3F4400582FDD /* LaunchScreen.storyboard in Resources */,
				5A4A24F01F2B3F4400582FDD /* Assets.xcassets in Resources */,
				5A4A24EE1F2B3F4400582FDD /* Main.storyboard in Resources */,
				5A44BC9E1F2F126200A853B3 /* selected.png in Resources */,
				5A4A25231F2B415200582FDD /* qidong-1.png in Resources */,
				5A4A25241F2B415200582FDD /* qidong.mp4 in Resources */,
			);
			runOnlyForDeploymentPostprocessing = 0;
		};
		5A4A24F71F2B3F4400582FDD /* Resources */ = {
			isa = PBXResourcesBuildPhase;
			buildActionMask = 2147483647;
			files = (
			);
			runOnlyForDeploymentPostprocessing = 0;
		};
		5A4A25021F2B3F4400582FDD /* Resources */ = {
			isa = PBXResourcesBuildPhase;
			buildActionMask = 2147483647;
			files = (
			);
			runOnlyForDeploymentPostprocessing = 0;
		};
/* End PBXResourcesBuildPhase section */

/* Begin PBXSourcesBuildPhase section */
		5A4A24DC1F2B3F4400582FDD /* Sources */ = {
			isa = PBXSourcesBuildPhase;
			buildActionMask = 2147483647;
			files = (
				5A4A25331F2B4B2900582FDD /* StartMovieViewController.m in Sources */,
				5A4A24EB1F2B3F4400582FDD /* ViewController.m in Sources */,
				5A4A25271F2B417900582FDD /* FirstViewController.m in Sources */,
				5A4A25181F2B3FCD00582FDD /* RootTabBarController.m in Sources */,
				5A4A25301F2B419D00582FDD /* FourViewController.m in Sources */,
				5A4A252A1F2B418900582FDD /* SecondViewController.m in Sources */,
				5A4A24E81F2B3F4400582FDD /* AppDelegate.m in Sources */,
				5A4A251C1F2B3FF000582FDD /* RootNavigationController.m in Sources */,
				5A4A24E51F2B3F4400582FDD /* main.m in Sources */,
				5A4A252D1F2B419400582FDD /* ThreeViewController.m in Sources */,
			);
			runOnlyForDeploymentPostprocessing = 0;
		};
		5A4A24F51F2B3F4400582FDD /* Sources */ = {
			isa = PBXSourcesBuildPhase;
			buildActionMask = 2147483647;
			files = (
				5A4A24FE1F2B3F4400582FDD /* myProjectFrameworkTests.m in Sources */,
			);
			runOnlyForDeploymentPostprocessing = 0;
		};
		5A4A25001F2B3F4400582FDD /* Sources */ = {
			isa = PBXSourcesBuildPhase;
			buildActionMask = 2147483647;
			files = (
				5A4A25091F2B3F4400582FDD /* myProjectFrameworkUITests.m in Sources */,
			);
			runOnlyForDeploymentPostprocessing = 0;
		};
/* End PBXSourcesBuildPhase section */

/* Begin PBXTargetDependency section */
		5A4A24FB1F2B3F4400582FDD /* PBXTargetDependency */ = {
			isa = PBXTargetDependency;
			target = 5A4A24DF1F2B3F4400582FDD /* myProjectFramework */;
			targetProxy = 5A4A24FA1F2B3F4400582FDD /* PBXContainerItemProxy */;
		};
		5A4A25061F2B3F4400582FDD /* PBXTargetDependency */ = {
			isa = PBXTargetDependency;
			target = 5A4A24DF1F2B3F4400582FDD /* myProjectFramework */;
			targetProxy = 5A4A25051F2B3F4400582FDD /* PBXContainerItemProxy */;
		};
/* End PBXTargetDependency section */

/* Begin PBXVariantGroup section */
		5A4A24EC1F2B3F4400582FDD /* Main.storyboard */ = {
			isa = PBXVariantGroup;
			children = (
				5A4A24ED1F2B3F4400582FDD /* Base */,
			);
			name = Main.storyboard;
			sourceTree = "<group>";
		};
		5A4A24F11F2B3F4400582FDD /* LaunchScreen.storyboard */ = {
			isa = PBXVariantGroup;
			children = (
				5A4A24F21F2B3F4400582FDD /* Base */,
			);
			name = LaunchScreen.storyboard;
			sourceTree = "<group>";
		};
/* End PBXVariantGroup section */

/* Begin XCBuildConfiguration section */
		5A4A250B1F2B3F4400582FDD /* Debug */ = {
			isa = XCBuildConfiguration;
			buildSettings = {
				ALWAYS_SEARCH_USER_PATHS = NO;
				CLANG_ANALYZER_NONNULL = YES;
				CLANG_ANALYZER_NUMBER_OBJECT_CONVERSION = YES_AGGRESSIVE;
				CLANG_CXX_LANGUAGE_STANDARD = "gnu++0x";
				CLANG_CXX_LIBRARY = "libc++";
				CLANG_ENABLE_MODULES = YES;
				CLANG_ENABLE_OBJC_ARC = YES;
				CLANG_WARN_BOOL_CONVERSION = YES;
				CLANG_WARN_CONSTANT_CONVERSION = YES;
				CLANG_WARN_DIRECT_OBJC_ISA_USAGE = YES_ERROR;
				CLANG_WARN_DOCUMENTATION_COMMENTS = YES;
				CLANG_WARN_EMPTY_BODY = YES;
				CLANG_WARN_ENUM_CONVERSION = YES;
				CLANG_WARN_INFINITE_RECURSION = YES;
				CLANG_WARN_INT_CONVERSION = YES;
				CLANG_WARN_OBJC_ROOT_CLASS = YES_ERROR;
				CLANG_WARN_SUSPICIOUS_MOVE = YES;
				CLANG_WARN_UNREACHABLE_CODE = YES;
				CLANG_WARN__DUPLICATE_METHOD_MATCH = YES;
				"CODE_SIGN_IDENTITY[sdk=iphoneos*]" = "iPhone Developer";
				COPY_PHASE_STRIP = NO;
				DEBUG_INFORMATION_FORMAT = dwarf;
				ENABLE_STRICT_OBJC_MSGSEND = YES;
				ENABLE_TESTABILITY = YES;
				GCC_C_LANGUAGE_STANDARD = gnu99;
				GCC_DYNAMIC_NO_PIC = NO;
				GCC_NO_COMMON_BLOCKS = YES;
				GCC_OPTIMIZATION_LEVEL = 0;
				GCC_PREPROCESSOR_DEFINITIONS = (
					"DEBUG=1",
					"$(inherited)",
				);
				GCC_WARN_64_TO_32_BIT_CONVERSION = YES;
				GCC_WARN_ABOUT_RETURN_TYPE = YES_ERROR;
				GCC_WARN_UNDECLARED_SELECTOR = YES;
				GCC_WARN_UNINITIALIZED_AUTOS = YES_AGGRESSIVE;
				GCC_WARN_UNUSED_FUNCTION = YES;
				GCC_WARN_UNUSED_VARIABLE = YES;
				IPHONEOS_DEPLOYMENT_TARGET = 10.3;
				MTL_ENABLE_DEBUG_INFO = YES;
				ONLY_ACTIVE_ARCH = YES;
				SDKROOT = iphoneos;
				TARGETED_DEVICE_FAMILY = "1,2";
			};
			name = Debug;
		};
		5A4A250C1F2B3F4400582FDD /* Release */ = {
			isa = XCBuildConfiguration;
			buildSettings = {
				ALWAYS_SEARCH_USER_PATHS = NO;
				CLANG_ANALYZER_NONNULL = YES;
				CLANG_ANALYZER_NUMBER_OBJECT_CONVERSION = YES_AGGRESSIVE;
				CLANG_CXX_LANGUAGE_STANDARD = "gnu++0x";
				CLANG_CXX_LIBRARY = "libc++";
				CLANG_ENABLE_MODULES = YES;
				CLANG_ENABLE_OBJC_ARC = YES;
				CLANG_WARN_BOOL_CONVERSION = YES;
				CLANG_WARN_CONSTANT_CONVERSION = YES;
				CLANG_WARN_DIRECT_OBJC_ISA_USAGE = YES_ERROR;
				CLANG_WARN_DOCUMENTATION_COMMENTS = YES;
				CLANG_WARN_EMPTY_BODY = YES;
				CLANG_WARN_ENUM_CONVERSION = YES;
				CLANG_WARN_INFINITE_RECURSION = YES;
				CLANG_WARN_INT_CONVERSION = YES;
				CLANG_WARN_OBJC_ROOT_CLASS = YES_ERROR;
				CLANG_WARN_SUSPICIOUS_MOVE = YES;
				CLANG_WARN_UNREACHABLE_CODE = YES;
				CLANG_WARN__DUPLICATE_METHOD_MATCH = YES;
				"CODE_SIGN_IDENTITY[sdk=iphoneos*]" = "iPhone Developer";
				COPY_PHASE_STRIP = NO;
				DEBUG_INFORMATION_FORMAT = "dwarf-with-dsym";
				ENABLE_NS_ASSERTIONS = NO;
				ENABLE_STRICT_OBJC_MSGSEND = YES;
				GCC_C_LANGUAGE_STANDARD = gnu99;
				GCC_NO_COMMON_BLOCKS = YES;
				GCC_WARN_64_TO_32_BIT_CONVERSION = YES;
				GCC_WARN_ABOUT_RETURN_TYPE = YES_ERROR;
				GCC_WARN_UNDECLARED_SELECTOR = YES;
				GCC_WARN_UNINITIALIZED_AUTOS = YES_AGGRESSIVE;
				GCC_WARN_UNUSED_FUNCTION = YES;
				GCC_WARN_UNUSED_VARIABLE = YES;
				IPHONEOS_DEPLOYMENT_TARGET = 10.3;
				MTL_ENABLE_DEBUG_INFO = NO;
				SDKROOT = iphoneos;
				TARGETED_DEVICE_FAMILY = "1,2";
				VALIDATE_PRODUCT = YES;
			};
			name = Release;
		};
		5A4A250E1F2B3F4400582FDD /* Debug */ = {
			isa = XCBuildConfiguration;
			buildSettings = {
				ASSETCATALOG_COMPILER_APPICON_NAME = AppIcon;
				INFOPLIST_FILE = myProjectFramework/Info.plist;
				IPHONEOS_DEPLOYMENT_TARGET = 8.0;
				LD_RUNPATH_SEARCH_PATHS = "$(inherited) @executable_path/Frameworks";
				PRODUCT_BUNDLE_IDENTIFIER = Jerry.myProjectFramework;
				PRODUCT_NAME = "$(TARGET_NAME)";
			};
			name = Debug;
		};
		5A4A250F1F2B3F4400582FDD /* Release */ = {
			isa = XCBuildConfiguration;
			buildSettings = {
				ASSETCATALOG_COMPILER_APPICON_NAME = AppIcon;
				INFOPLIST_FILE = myProjectFramework/Info.plist;
				IPHONEOS_DEPLOYMENT_TARGET = 8.0;
				LD_RUNPATH_SEARCH_PATHS = "$(inherited) @executable_path/Frameworks";
				PRODUCT_BUNDLE_IDENTIFIER = Jerry.myProjectFramework;
				PRODUCT_NAME = "$(TARGET_NAME)";
			};
			name = Release;
		};
		5A4A25111F2B3F4400582FDD /* Debug */ = {
			isa = XCBuildConfiguration;
			buildSettings = {
				BUNDLE_LOADER = "$(TEST_HOST)";
				INFOPLIST_FILE = myProjectFrameworkTests/Info.plist;
				LD_RUNPATH_SEARCH_PATHS = "$(inherited) @executable_path/Frameworks @loader_path/Frameworks";
				PRODUCT_BUNDLE_IDENTIFIER = Jerry.myProjectFrameworkTests;
				PRODUCT_NAME = "$(TARGET_NAME)";
				TEST_HOST = "$(BUILT_PRODUCTS_DIR)/myProjectFramework.app/myProjectFramework";
			};
			name = Debug;
		};
		5A4A25121F2B3F4400582FDD /* Release */ = {
			isa = XCBuildConfiguration;
			buildSettings = {
				BUNDLE_LOADER = "$(TEST_HOST)";
				INFOPLIST_FILE = myProjectFrameworkTests/Info.plist;
				LD_RUNPATH_SEARCH_PATHS = "$(inherited) @executable_path/Frameworks @loader_path/Frameworks";
				PRODUCT_BUNDLE_IDENTIFIER = Jerry.myProjectFrameworkTests;
				PRODUCT_NAME = "$(TARGET_NAME)";
				TEST_HOST = "$(BUILT_PRODUCTS_DIR)/myProjectFramework.app/myProjectFramework";
			};
			name = Release;
		};
		5A4A25141F2B3F4400582FDD /* Debug */ = {
			isa = XCBuildConfiguration;
			buildSettings = {
				INFOPLIST_FILE = myProjectFrameworkUITests/Info.plist;
				LD_RUNPATH_SEARCH_PATHS = "$(inherited) @executable_path/Frameworks @loader_path/Frameworks";
				PRODUCT_BUNDLE_IDENTIFIER = Jerry.myProjectFrameworkUITests;
				PRODUCT_NAME = "$(TARGET_NAME)";
				TEST_TARGET_NAME = myProjectFramework;
			};
			name = Debug;
		};
		5A4A25151F2B3F4400582FDD /* Release */ = {
			isa = XCBuildConfiguration;
			buildSettings = {
				INFOPLIST_FILE = myProjectFrameworkUITests/Info.plist;
				LD_RUNPATH_SEARCH_PATHS = "$(inherited) @executable_path/Frameworks @loader_path/Frameworks";
				PRODUCT_BUNDLE_IDENTIFIER = Jerry.myProjectFrameworkUITests;
				PRODUCT_NAME = "$(TARGET_NAME)";
				TEST_TARGET_NAME = myProjectFramework;
			};
			name = Release;
		};
/* End XCBuildConfiguration section */

/* Begin XCConfigurationList section */
		5A4A24DB1F2B3F4400582FDD /* Build configuration list for PBXProject "myProjectFramework" */ = {
			isa = XCConfigurationList;
			buildConfigurations = (
				5A4A250B1F2B3F4400582FDD /* Debug */,
				5A4A250C1F2B3F4400582FDD /* Release */,
			);
			defaultConfigurationIsVisible = 0;
			defaultConfigurationName = Release;
		};
		5A4A250D1F2B3F4400582FDD /* Build configuration list for PBXNativeTarget "myProjectFramework" */ = {
			isa = XCConfigurationList;
			buildConfigurations = (
				5A4A250E1F2B3F4400582FDD /* Debug */,
				5A4A250F1F2B3F4400582FDD /* Release */,
			);
			defaultConfigurationIsVisible = 0;
			defaultConfigurationName = Release;
		};
		5A4A25101F2B3F4400582FDD /* Build configuration list for PBXNativeTarget "myProjectFrameworkTests" */ = {
			isa = XCConfigurationList;
			buildConfigurations = (
				5A4A25111F2B3F4400582FDD /* Debug */,
				5A4A25121F2B3F4400582FDD /* Release */,
			);
			defaultConfigurationIsVisible = 0;
			defaultConfigurationName = Release;
		};
		5A4A25131F2B3F4400582FDD /* Build configuration list for PBXNativeTarget "myProjectFrameworkUITests" */ = {
			isa = XCConfigurationList;
			buildConfigurations = (
				5A4A25141F2B3F4400582FDD /* Debug */,
				5A4A25151F2B3F4400582FDD /* Release */,
			);
			defaultConfigurationIsVisible = 0;
			defaultConfigurationName = Release;
		};
/* End XCConfigurationList section */
	};
	rootObject = 5A4A24D81F2B3F4400582FDD /* Project object */;
}
